{
  "name": "map4",
  "version": "1.0.0",
  "lockfileVersion": 1,
  "requires": true,
  "dependencies": {
    "measuretool-googlemaps-v3": {
      "version": "0.4.2",
      "resolved": "https://registry.npmjs.org/measuretool-googlemaps-v3/-/measuretool-googlemaps-v3-0.4.2.tgz",
      "integrity": "sha512-4Wf8AvymNSUVDNXajEbBQ+eHwj5hv4YvPBACIYZpWXg/2RghhJ/AHpJ3CdeqXjemWtFJe+Q8kWGLzYGcFhujjA=="
    }
  }
}
